
Microsoft Visual Studio Solution File, Format Version 12.00
# Visual Studio Version 16
VisualStudioVersion = 16.0.32802.440
MinimumVisualStudioVersion = 10.0.40219.1
Project("{9A19103F-16F7-4668-BE54-9A1E7A4F7556}") = "дз", "ДЗ_24.09\дз.csproj", "{B0A85DC6-FBB1-4D8F-9874-29E85516A498}"
EndProject
Global
	GlobalSection(SolutionConfigurationPlatforms) = preSolution
		Debug|Any CPU = Debug|Any CPU
		Release|Any CPU = Release|Any CPU
	EndGlobalSection
	GlobalSection(ProjectConfigurationPlatforms) = postSolution
		{B0A85DC6-FBB1-4D8F-9874-29E85516A498}.Debug|Any CPU.ActiveCfg = Debug|Any CPU
		{B0A85DC6-FBB1-4D8F-9874-29E85516A498}.Debug|Any CPU.Build.0 = Debug|Any CPU
		{B0A85DC6-FBB1-4D8F-9874-29E85516A498}.Release|Any CPU.ActiveCfg = Release|Any CPU
		{B0A85DC6-FBB1-4D8F-9874-29E85516A498}.Release|Any CPU.Build.0 = Release|Any CPU
	EndGlobalSection
	GlobalSection(SolutionProperties) = preSolution
		HideSolutionNode = FALSE
	EndGlobalSection
	GlobalSection(ExtensibilityGlobals) = postSolution
		SolutionGuid = {CBBC4CB8-AE2D-415A-9953-1EDA981E9A41}
	EndGlobalSection
EndGlobal
